// !$*UTF8*$!
{
	archiveVersion = 1;
	classes = {
	};
	objectVersion = 55;
	objects = {

/* Begin PBXBuildFile section */
		DFBE6D8C289B9C1A00D69360 /* SPRO_Coffee_HelperApp.swift in Sources */ = {isa = PBXBuildFile; fileRef = DFBE6D8B289B9C1A00D69360 /* SPRO_Coffee_HelperApp.swift */; };
		DFBE6D8E289B9C1A00D69360 /* ContentView.swift in Sources */ = {isa = PBXBuildFile; fileRef = DFBE6D8D289B9C1A00D69360 /* ContentView.swift */; };
		DFBE6D90289B9C1B00D69360 /* Assets.xcassets in Resources */ = {isa = PBXBuildFile; fileRef = DFBE6D8F289B9C1B00D69360 /* Assets.xcassets */; };
		DFBE6D93289B9C1B00D69360 /* Preview Assets.xcassets in Resources */ = {isa = PBXBuildFile; fileRef = DFBE6D92289B9C1B00D69360 /* Preview Assets.xcassets */; };
		DFBE6DC3289C92AF00D69360 /* Category.swift in Sources */ = {isa = PBXBuildFile; fileRef = DFBE6DC2289C92AF00D69360 /* Category.swift */; };
		DFBE6DC5289C92FD00D69360 /* Drink.swift in Sources */ = {isa = PBXBuildFile; fileRef = DFBE6DC4289C92FD00D69360 /* Drink.swift */; };
		DFBE6DC7289C933700D69360 /* Ingredient.swift in Sources */ = {isa = PBXBuildFile; fileRef = DFBE6DC6289C933700D69360 /* Ingredient.swift */; };
		DFBE6DC9289C958D00D69360 /* fancy_dummy_data.json in Resources */ = {isa = PBXBuildFile; fileRef = DFBE6DC8289C958D00D69360 /* fancy_dummy_data.json */; };
		DFBE6DCB289CCEDB00D69360 /* DrinksModel.swift in Sources */ = {isa = PBXBuildFile; fileRef = DFBE6DCA289CCEDB00D69360 /* DrinksModel.swift */; };
		DFBE6DCF289CD04800D69360 /* overTheTop_dummy_data.json in Resources */ = {isa = PBXBuildFile; fileRef = DFBE6DCE289CD04800D69360 /* overTheTop_dummy_data.json */; };
		DFBE6DD5289CF7F400D69360 /* smoothie_dummy_data.json in Resources */ = {isa = PBXBuildFile; fileRef = DFBE6DD4289CF7F400D69360 /* smoothie_dummy_data.json */; };
/* End PBXBuildFile section */

/* Begin PBXFileReference section */
		DFBE6D88289B9C1A00D69360 /* SPRO Coffee Helper.app */ = {isa = PBXFileReference; explicitFileType = wrapper.application; includeInIndex = 0; path = "SPRO Coffee Helper.app"; sourceTree = BUILT_PRODUCTS_DIR; };
		DFBE6D8B289B9C1A00D69360 /* SPRO_Coffee_HelperApp.swift */ = {isa = PBXFileReference; lastKnownFileType = sourcecode.swift; path = SPRO_Coffee_HelperApp.swift; sourceTree = "<group>"; };
		DFBE6D8D289B9C1A00D69360 /* ContentView.swift */ = {isa = PBXFileReference; lastKnownFileType = sourcecode.swift; path = ContentView.swift; sourceTree = "<group>"; };
		DFBE6D8F289B9C1B00D69360 /* Assets.xcassets */ = {isa = PBXFileReference; lastKnownFileType = folder.assetcatalog; path = Assets.xcassets; sourceTree = "<group>"; };
		DFBE6D92289B9C1B00D69360 /* Preview Assets.xcassets */ = {isa = PBXFileReference; lastKnownFileType = folder.assetcatalog; path = "Preview Assets.xcassets"; sourceTree = "<group>"; };
		DFBE6DC2289C92AF00D69360 /* Category.swift */ = {isa = PBXFileReference; lastKnownFileType = sourcecode.swift; path = Category.swift; sourceTree = "<group>"; };
		DFBE6DC4289C92FD00D69360 /* Drink.swift */ = {isa = PBXFileReference; lastKnownFileType = sourcecode.swift; path = Drink.swift; sourceTree = "<group>"; };
		DFBE6DC6289C933700D69360 /* Ingredient.swift */ = {isa = PBXFileReference; lastKnownFileType = sourcecode.swift; path = Ingredient.swift; sourceTree = "<group>"; };
		DFBE6DC8289C958D00D69360 /* fancy_dummy_data.json */ = {isa = PBXFileReference; fileEncoding = 4; lastKnownFileType = text.json; path = fancy_dummy_data.json; sourceTree = "<group>"; };
		DFBE6DCA289CCEDB00D69360 /* DrinksModel.swift */ = {isa = PBXFileReference; lastKnownFileType = sourcecode.swift; path = DrinksModel.swift; sourceTree = "<group>"; };
		DFBE6DCE289CD04800D69360 /* overTheTop_dummy_data.json */ = {isa = PBXFileReference; fileEncoding = 4; lastKnownFileType = text.json; path = overTheTop_dummy_data.json; sourceTree = "<group>"; };
		DFBE6DD4289CF7F400D69360 /* smoothie_dummy_data.json */ = {isa = PBXFileReference; fileEncoding = 4; lastKnownFileType = text.json; path = smoothie_dummy_data.json; sourceTree = "<group>"; };
/* End PBXFileReference section */

/* Begin PBXFrameworksBuildPhase section */
		DFBE6D85289B9C1A00D69360 /* Frameworks */ = {
			isa = PBXFrameworksBuildPhase;
			buildActionMask = 2147483647;
			files = (
			);
			runOnlyForDeploymentPostprocessing = 0;
		};
/* End PBXFrameworksBuildPhase section */

/* Begin PBXGroup section */
		DFBE6D7F289B9C1A00D69360 = {
			isa = PBXGroup;
			children = (
				DFBE6D8A289B9C1A00D69360 /* SPRO Coffee Helper */,
				DFBE6D89289B9C1A00D69360 /* Products */,
			);
			sourceTree = "<group>";
		};
		DFBE6D89289B9C1A00D69360 /* Products */ = {
			isa = PBXGroup;
			children = (
				DFBE6D88289B9C1A00D69360 /* SPRO Coffee Helper.app */,
			);
			name = Products;
			sourceTree = "<group>";
		};
		DFBE6D8A289B9C1A00D69360 /* SPRO Coffee Helper */ = {
			isa = PBXGroup;
			children = (
				DFBE6DD6289CF9FF00D69360 /* Local */,
				DFBE6D8B289B9C1A00D69360 /* SPRO_Coffee_HelperApp.swift */,
				DFBE6D8D289B9C1A00D69360 /* ContentView.swift */,
				DFBE6D8F289B9C1B00D69360 /* Assets.xcassets */,
				DFBE6D91289B9C1B00D69360 /* Preview Content */,
				DFBE6DC2289C92AF00D69360 /* Category.swift */,
				DFBE6DC4289C92FD00D69360 /* Drink.swift */,
				DFBE6DC6289C933700D69360 /* Ingredient.swift */,
				DFBE6DCA289CCEDB00D69360 /* DrinksModel.swift */,
			);
			path = "SPRO Coffee Helper";
			sourceTree = "<group>";
		};
		DFBE6D91289B9C1B00D69360 /* Preview Content */ = {
			isa = PBXGroup;
			children = (
				DFBE6D92289B9C1B00D69360 /* Preview Assets.xcassets */,
			);
			path = "Preview Content";
			sourceTree = "<group>";
		};
		DFBE6DD6289CF9FF00D69360 /* Local */ = {
			isa = PBXGroup;
			children = (
				DFBE6DCE289CD04800D69360 /* overTheTop_dummy_data.json */,
				DFBE6DC8289C958D00D69360 /* fancy_dummy_data.json */,
				DFBE6DD4289CF7F400D69360 /* smoothie_dummy_data.json */,
			);
			path = Local;
			sourceTree = "<group>";
		};
/* End PBXGroup section */

/* Begin PBXNativeTarget section */
		DFBE6D87289B9C1A00D69360 /* SPRO Coffee Helper */ = {
			isa = PBXNativeTarget;
			buildConfigurationList = DFBE6D96289B9C1B00D69360 /* Build configuration list for PBXNativeTarget "SPRO Coffee Helper" */;
			buildPhases = (
				DFBE6D84289B9C1A00D69360 /* Sources */,
				DFBE6D85289B9C1A00D69360 /* Frameworks */,
				DFBE6D86289B9C1A00D69360 /* Resources */,
			);
			buildRules = (
			);
			dependencies = (
			);
			name = "SPRO Coffee Helper";
			productName = "SPRO Coffee Helper";
			productReference = DFBE6D88289B9C1A00D69360 /* SPRO Coffee Helper.app */;
			productType = "com.apple.product-type.application";
		};
/* End PBXNativeTarget section */

/* Begin PBXProject section */
		DFBE6D80289B9C1A00D69360 /* Project object */ = {
			isa = PBXProject;
			attributes = {
				BuildIndependentTargetsInParallel = 1;
				LastSwiftUpdateCheck = 1340;
				LastUpgradeCheck = 1340;
				TargetAttributes = {
					DFBE6D87289B9C1A00D69360 = {
						CreatedOnToolsVersion = 13.4.1;
					};
				};
			};
			buildConfigurationList = DFBE6D83289B9C1A00D69360 /* Build configuration list for PBXProject "SPRO Coffee Helper" */;
			compatibilityVersion = "Xcode 13.0";
			developmentRegion = en;
			hasScannedForEncodings = 0;
			knownRegions = (
				en,
				Base,
			);
			mainGroup = DFBE6D7F289B9C1A00D69360;
			productRefGroup = DFBE6D89289B9C1A00D69360 /* Products */;
			projectDirPath = "";
			projectRoot = "";
			targets = (
				DFBE6D87289B9C1A00D69360 /* SPRO Coffee Helper */,
			);
		};
/* End PBXProject section */

/* Begin PBXResourcesBuildPhase section */
		DFBE6D86289B9C1A00D69360 /* Resources */ = {
			isa = PBXResourcesBuildPhase;
			buildActionMask = 2147483647;
			files = (
				DFBE6DD5289CF7F400D69360 /* smoothie_dummy_data.json in Resources */,
				DFBE6DC9289C958D00D69360 /* fancy_dummy_data.json in Resources */,
				DFBE6D93289B9C1B00D69360 /* Preview Assets.xcassets in Resources */,
				DFBE6DCF289CD04800D69360 /* overTheTop_dummy_data.json in Resources */,
				DFBE6D90289B9C1B00D69360 /* Assets.xcassets in Resources */,
			);
			runOnlyForDeploymentPostprocessing = 0;
		};
/* End PBXResourcesBuildPhase section */

/* Begin PBXSourcesBuildPhase section */
		DFBE6D84289B9C1A00D69360 /* Sources */ = {
			isa = PBXSourcesBuildPhase;
			buildActionMask = 2147483647;
			files = (
				DFBE6D8E289B9C1A00D69360 /* ContentView.swift in Sources */,
				DFBE6D8C289B9C1A00D69360 /* SPRO_Coffee_HelperApp.swift in Sources */,
				DFBE6DC7289C933700D69360 /* Ingredient.swift in Sources */,
				DFBE6DC5289C92FD00D69360 /* Drink.swift in Sources */,
				DFBE6DCB289CCEDB00D69360 /* DrinksModel.swift in Sources */,
				DFBE6DC3289C92AF00D69360 /* Category.swift in Sources */,
			);
			runOnlyForDeploymentPostprocessing = 0;
		};
/* End PBXSourcesBuildPhase section */

/* Begin XCBuildConfiguration section */
		DFBE6D94289B9C1B00D69360 /* Debug */ = {
			isa = XCBuildConfiguration;
			buildSettings = {
				ALWAYS_SEARCH_USER_PATHS = NO;
				CLANG_ANALYZER_NONNULL = YES;
				CLANG_ANALYZER_NUMBER_OBJECT_CONVERSION = YES_AGGRESSIVE;
				CLANG_CXX_LANGUAGE_STANDARD = "gnu++17";
				CLANG_ENABLE_MODULES = YES;
				CLANG_ENABLE_OBJC_ARC = YES;
				CLANG_ENABLE_OBJC_WEAK = YES;
				CLANG_WARN_BLOCK_CAPTURE_AUTORELEASING = YES;
				CLANG_WARN_BOOL_CONVERSION = YES;
				CLANG_WARN_COMMA = YES;
				CLANG_WARN_CONSTANT_CONVERSION = YES;
				CLANG_WARN_DEPRECATED_OBJC_IMPLEMENTATIONS = YES;
				CLANG_WARN_DIRECT_OBJC_ISA_USAGE = YES_ERROR;
				CLANG_WARN_DOCUMENTATION_COMMENTS = YES;
				CLANG_WARN_EMPTY_BODY = YES;
				CLANG_WARN_ENUM_CONVERSION = YES;
				CLANG_WARN_INFINITE_RECURSION = YES;
				CLANG_WARN_INT_CONVERSION = YES;
				CLANG_WARN_NON_LITERAL_NULL_CONVERSION = YES;
				CLANG_WARN_OBJC_IMPLICIT_RETAIN_SELF = YES;
				CLANG_WARN_OBJC_LITERAL_CONVERSION = YES;
				CLANG_WARN_OBJC_ROOT_CLASS = YES_ERROR;
				CLANG_WARN_QUOTED_INCLUDE_IN_FRAMEWORK_HEADER = YES;
				CLANG_WARN_RANGE_LOOP_ANALYSIS = YES;
				CLANG_WARN_STRICT_PROTOTYPES = YES;
				CLANG_WARN_SUSPICIOUS_MOVE = YES;
				CLANG_WARN_UNGUARDED_AVAILABILITY = YES_AGGRESSIVE;
				CLANG_WARN_UNREACHABLE_CODE = YES;
				CLANG_WARN__DUPLICATE_METHOD_MATCH = YES;
				COPY_PHASE_STRIP = NO;
				DEBUG_INFORMATION_FORMAT = dwarf;
				ENABLE_STRICT_OBJC_MSGSEND = YES;
				ENABLE_TESTABILITY = YES;
				GCC_C_LANGUAGE_STANDARD = gnu11;
				GCC_DYNAMIC_NO_PIC = NO;
				GCC_NO_COMMON_BLOCKS = YES;
				GCC_OPTIMIZATION_LEVEL = 0;
				GCC_PREPROCESSOR_DEFINITIONS = (
					"DEBUG=1",
					"$(inherited)",
				);
				GCC_WARN_64_TO_32_BIT_CONVERSION = YES;
				GCC_WARN_ABOUT_RETURN_TYPE = YES_ERROR;
				GCC_WARN_UNDECLARED_SELECTOR = YES;
				GCC_WARN_UNINITIALIZED_AUTOS = YES_AGGRESSIVE;
				GCC_WARN_UNUSED_FUNCTION = YES;
				GCC_WARN_UNUSED_VARIABLE = YES;
				IPHONEOS_DEPLOYMENT_TARGET = 15.5;
				MTL_ENABLE_DEBUG_INFO = INCLUDE_SOURCE;
				MTL_FAST_MATH = YES;
				ONLY_ACTIVE_ARCH = YES;
				SDKROOT = iphoneos;
				SWIFT_ACTIVE_COMPILATION_CONDITIONS = DEBUG;
				SWIFT_OPTIMIZATION_LEVEL = "-Onone";
			};
			name = Debug;
		};
		DFBE6D95289B9C1B00D69360 /* Release */ = {
			isa = XCBuildConfiguration;
			buildSettings = {
				ALWAYS_SEARCH_USER_PATHS = NO;
				CLANG_ANALYZER_NONNULL = YES;
				CLANG_ANALYZER_NUMBER_OBJECT_CONVERSION = YES_AGGRESSIVE;
				CLANG_CXX_LANGUAGE_STANDARD = "gnu++17";
				CLANG_ENABLE_MODULES = YES;
				CLANG_ENABLE_OBJC_ARC = YES;
				CLANG_ENABLE_OBJC_WEAK = YES;
				CLANG_WARN_BLOCK_CAPTURE_AUTORELEASING = YES;
				CLANG_WARN_BOOL_CONVERSION = YES;
				CLANG_WARN_COMMA = YES;
				CLANG_WARN_CONSTANT_CONVERSION = YES;
				CLANG_WARN_DEPRECATED_OBJC_IMPLEMENTATIONS = YES;
				CLANG_WARN_DIRECT_OBJC_ISA_USAGE = YES_ERROR;
				CLANG_WARN_DOCUMENTATION_COMMENTS = YES;
				CLANG_WARN_EMPTY_BODY = YES;
				CLANG_WARN_ENUM_CONVERSION = YES;
				CLANG_WARN_INFINITE_RECURSION = YES;
				CLANG_WARN_INT_CONVERSION = YES;
				CLANG_WARN_NON_LITERAL_NULL_CONVERSION = YES;
				CLANG_WARN_OBJC_IMPLICIT_RETAIN_SELF = YES;
				CLANG_WARN_OBJC_LITERAL_CONVERSION = YES;
				CLANG_WARN_OBJC_ROOT_CLASS = YES_ERROR;
				CLANG_WARN_QUOTED_INCLUDE_IN_FRAMEWORK_HEADER = YES;
				CLANG_WARN_RANGE_LOOP_ANALYSIS = YES;
				CLANG_WARN_STRICT_PROTOTYPES = YES;
				CLANG_WARN_SUSPICIOUS_MOVE = YES;
				CLANG_WARN_UNGUARDED_AVAILABILITY = YES_AGGRESSIVE;
				CLANG_WARN_UNREACHABLE_CODE = YES;
				CLANG_WARN__DUPLICATE_METHOD_MATCH = YES;
				COPY_PHASE_STRIP = NO;
				DEBUG_INFORMATION_FORMAT = "dwarf-with-dsym";
				ENABLE_NS_ASSERTIONS = NO;
				ENABLE_STRICT_OBJC_MSGSEND = YES;
				GCC_C_LANGUAGE_STANDARD = gnu11;
				GCC_NO_COMMON_BLOCKS = YES;
				GCC_WARN_64_TO_32_BIT_CONVERSION = YES;
				GCC_WARN_ABOUT_RETURN_TYPE = YES_ERROR;
				GCC_WARN_UNDECLARED_SELECTOR = YES;
				GCC_WARN_UNINITIALIZED_AUTOS = YES_AGGRESSIVE;
				GCC_WARN_UNUSED_FUNCTION = YES;
				GCC_WARN_UNUSED_VARIABLE = YES;
				IPHONEOS_DEPLOYMENT_TARGET = 15.5;
				MTL_ENABLE_DEBUG_INFO = NO;
				MTL_FAST_MATH = YES;
				SDKROOT = iphoneos;
				SWIFT_COMPILATION_MODE = wholemodule;
				SWIFT_OPTIMIZATION_LEVEL = "-O";
				VALIDATE_PRODUCT = YES;
			};
			name = Release;
		};
		DFBE6D97289B9C1B00D69360 /* Debug */ = {
			isa = XCBuildConfiguration;
			buildSettings = {
				ASSETCATALOG_COMPILER_APPICON_NAME = AppIcon;
				ASSETCATALOG_COMPILER_GLOBAL_ACCENT_COLOR_NAME = AccentColor;
				CODE_SIGN_STYLE = Automatic;
				CURRENT_PROJECT_VERSION = 1;
				DEVELOPMENT_ASSET_PATHS = "\"SPRO Coffee Helper/Preview Content\"";
				DEVELOPMENT_TEAM = H5ZWS699H8;
				ENABLE_PREVIEWS = YES;
				GENERATE_INFOPLIST_FILE = YES;
				INFOPLIST_KEY_UIApplicationSceneManifest_Generation = YES;
				INFOPLIST_KEY_UIApplicationSupportsIndirectInputEvents = YES;
				INFOPLIST_KEY_UILaunchScreen_Generation = YES;
				INFOPLIST_KEY_UISupportedInterfaceOrientations_iPad = "UIInterfaceOrientationPortrait UIInterfaceOrientationPortraitUpsideDown UIInterfaceOrientationLandscapeLeft UIInterfaceOrientationLandscapeRight";
				INFOPLIST_KEY_UISupportedInterfaceOrientations_iPhone = "UIInterfaceOrientationPortrait UIInterfaceOrientationLandscapeLeft UIInterfaceOrientationLandscapeRight";
				LD_RUNPATH_SEARCH_PATHS = (
					"$(inherited)",
					"@executable_path/Frameworks",
				);
				MARKETING_VERSION = 1.0;
				PRODUCT_BUNDLE_IDENTIFIER = "Jonathan-Chen.SPRO-Coffee-Helper";
				PRODUCT_NAME = "$(TARGET_NAME)";
				SWIFT_EMIT_LOC_STRINGS = YES;
				SWIFT_VERSION = 5.0;
				TARGETED_DEVICE_FAMILY = "1,2";
			};
			name = Debug;
		};
		DFBE6D98289B9C1B00D69360 /* Release */ = {
			isa = XCBuildConfiguration;
			buildSettings = {
				ASSETCATALOG_COMPILER_APPICON_NAME = AppIcon;
				ASSETCATALOG_COMPILER_GLOBAL_ACCENT_COLOR_NAME = AccentColor;
				CODE_SIGN_STYLE = Automatic;
				CURRENT_PROJECT_VERSION = 1;
				DEVELOPMENT_ASSET_PATHS = "\"SPRO Coffee Helper/Preview Content\"";
				DEVELOPMENT_TEAM = H5ZWS699H8;
				ENABLE_PREVIEWS = YES;
				GENERATE_INFOPLIST_FILE = YES;
				INFOPLIST_KEY_UIApplicationSceneManifest_Generation = YES;
				INFOPLIST_KEY_UIApplicationSupportsIndirectInputEvents = YES;
				INFOPLIST_KEY_UILaunchScreen_Generation = YES;
				INFOPLIST_KEY_UISupportedInterfaceOrientations_iPad = "UIInterfaceOrientationPortrait UIInterfaceOrientationPortraitUpsideDown UIInterfaceOrientationLandscapeLeft UIInterfaceOrientationLandscapeRight";
				INFOPLIST_KEY_UISupportedInterfaceOrientations_iPhone = "UIInterfaceOrientationPortrait UIInterfaceOrientationLandscapeLeft UIInterfaceOrientationLandscapeRight";
				LD_RUNPATH_SEARCH_PATHS = (
					"$(inherited)",
					"@executable_path/Frameworks",
				);
				MARKETING_VERSION = 1.0;
				PRODUCT_BUNDLE_IDENTIFIER = "Jonathan-Chen.SPRO-Coffee-Helper";
				PRODUCT_NAME = "$(TARGET_NAME)";
				SWIFT_EMIT_LOC_STRINGS = YES;
				SWIFT_VERSION = 5.0;
				TARGETED_DEVICE_FAMILY = "1,2";
			};
			name = Release;
		};
/* End XCBuildConfiguration section */

/* Begin XCConfigurationList section */
		DFBE6D83289B9C1A00D69360 /* Build configuration list for PBXProject "SPRO Coffee Helper" */ = {
			isa = XCConfigurationList;
			buildConfigurations = (
				DFBE6D94289B9C1B00D69360 /* Debug */,
				DFBE6D95289B9C1B00D69360 /* Release */,
			);
			defaultConfigurationIsVisible = 0;
			defaultConfigurationName = Release;
		};
		DFBE6D96289B9C1B00D69360 /* Build configuration list for PBXNativeTarget "SPRO Coffee Helper" */ = {
			isa = XCConfigurationList;
			buildConfigurations = (
				DFBE6D97289B9C1B00D69360 /* Debug */,
				DFBE6D98289B9C1B00D69360 /* Release */,
			);
			defaultConfigurationIsVisible = 0;
			defaultConfigurationName = Release;
		};
/* End XCConfigurationList section */
	};
	rootObject = DFBE6D80289B9C1A00D69360 /* Project object */;
}
