// !$*UTF8*$!
{
	archiveVersion = 1;
	classes = {
	};
	objectVersion = 55;
	objects = {

/* Begin PBXBuildFile section */
		DF40F7E728C9A66500241B8F /* GlobalSearchView.swift in Sources */ = {isa = PBXBuildFile; fileRef = DF40F7E628C9A66500241B8F /* GlobalSearchView.swift */; };
		DF40F7E928C9C3D600241B8F /* ViewModifiers.swift in Sources */ = {isa = PBXBuildFile; fileRef = DF40F7E828C9C3D600241B8F /* ViewModifiers.swift */; };
		DF40F7EC28C9CA4400241B8F /* Groups.swift in Sources */ = {isa = PBXBuildFile; fileRef = DF40F7EB28C9CA4400241B8F /* Groups.swift */; };
		DF9622C128CC3BE000E1869D /* GlobalSearchBarView.swift in Sources */ = {isa = PBXBuildFile; fileRef = DF9622C028CC3BE000E1869D /* GlobalSearchBarView.swift */; };
		DF9622C328CC3D2500E1869D /* GlobalSearchListView.swift in Sources */ = {isa = PBXBuildFile; fileRef = DF9622C228CC3D2500E1869D /* GlobalSearchListView.swift */; };
		DFBE6D8C289B9C1A00D69360 /* Coffee_HelperApp.swift in Sources */ = {isa = PBXBuildFile; fileRef = DFBE6D8B289B9C1A00D69360 /* Coffee_HelperApp.swift */; };
		DFBE6D8E289B9C1A00D69360 /* ContentView.swift in Sources */ = {isa = PBXBuildFile; fileRef = DFBE6D8D289B9C1A00D69360 /* ContentView.swift */; };
		DFBE6D90289B9C1B00D69360 /* Assets.xcassets in Resources */ = {isa = PBXBuildFile; fileRef = DFBE6D8F289B9C1B00D69360 /* Assets.xcassets */; };
		DFBE6D93289B9C1B00D69360 /* Preview Assets.xcassets in Resources */ = {isa = PBXBuildFile; fileRef = DFBE6D92289B9C1B00D69360 /* Preview Assets.xcassets */; };
		DFBE6DC3289C92AF00D69360 /* Category.swift in Sources */ = {isa = PBXBuildFile; fileRef = DFBE6DC2289C92AF00D69360 /* Category.swift */; };
		DFBE6DC5289C92FD00D69360 /* Drink.swift in Sources */ = {isa = PBXBuildFile; fileRef = DFBE6DC4289C92FD00D69360 /* Drink.swift */; };
		DFBE6DC7289C933700D69360 /* Ingredient.swift in Sources */ = {isa = PBXBuildFile; fileRef = DFBE6DC6289C933700D69360 /* Ingredient.swift */; };
		DFBE6DCB289CCEDB00D69360 /* CoffeeShopModel.swift in Sources */ = {isa = PBXBuildFile; fileRef = DFBE6DCA289CCEDB00D69360 /* CoffeeShopModel.swift */; };
		DFBE6DEF289DB48B00D69360 /* DrinkView.swift in Sources */ = {isa = PBXBuildFile; fileRef = DFBE6DEE289DB48B00D69360 /* DrinkView.swift */; };
		DFE23EC328C8257A00DF413B /* GroupSelectionIndicatorView.swift in Sources */ = {isa = PBXBuildFile; fileRef = DFE23EC228C8257A00DF413B /* GroupSelectionIndicatorView.swift */; };
		DFE23EC528C8273100DF413B /* GroupNavigationView.swift in Sources */ = {isa = PBXBuildFile; fileRef = DFE23EC428C8273100DF413B /* GroupNavigationView.swift */; };
		DFE23EC828C82D5400DF413B /* GlobalNavigationView.swift in Sources */ = {isa = PBXBuildFile; fileRef = DFE23EC728C82D5400DF413B /* GlobalNavigationView.swift */; };
		DFE23ECD28C8317A00DF413B /* CategoryNavigationView.swift in Sources */ = {isa = PBXBuildFile; fileRef = DFE23ECC28C8317A00DF413B /* CategoryNavigationView.swift */; };
		DFE23ECF28C8318700DF413B /* CategoryListView.swift in Sources */ = {isa = PBXBuildFile; fileRef = DFE23ECE28C8318700DF413B /* CategoryListView.swift */; };
		DFE23ED128C8F41700DF413B /* DrinkIngredientListView.swift in Sources */ = {isa = PBXBuildFile; fileRef = DFE23ED028C8F41700DF413B /* DrinkIngredientListView.swift */; };
		DFE23ED328C8F59800DF413B /* DrinkPickerView.swift in Sources */ = {isa = PBXBuildFile; fileRef = DFE23ED228C8F59800DF413B /* DrinkPickerView.swift */; };
		DFE23ED528C9598B00DF413B /* smoothie_dummy_data.json in Resources */ = {isa = PBXBuildFile; fileRef = DFE23ED428C9598B00DF413B /* smoothie_dummy_data.json */; };
		DFEDF0CF28A5C0A800A9BD6B /* CategoryView.swift in Sources */ = {isa = PBXBuildFile; fileRef = DFEDF0CE28A5C0A800A9BD6B /* CategoryView.swift */; };
		DFEDF0D128A6C30F00A9BD6B /* GroupView.swift in Sources */ = {isa = PBXBuildFile; fileRef = DFEDF0D028A6C30F00A9BD6B /* GroupView.swift */; };
		DFEDF0DF28ACA9C300A9BD6B /* Group.swift in Sources */ = {isa = PBXBuildFile; fileRef = DFEDF0DE28ACA9C300A9BD6B /* Group.swift */; };
		DFEDF0E128ACA9E600A9BD6B /* coffee_dummy_data.json in Resources */ = {isa = PBXBuildFile; fileRef = DFEDF0E028ACA9E600A9BD6B /* coffee_dummy_data.json */; };
		DFEDF0E328ACAACD00A9BD6B /* tea_dummy_data.json in Resources */ = {isa = PBXBuildFile; fileRef = DFEDF0E228ACAACD00A9BD6B /* tea_dummy_data.json */; };
/* End PBXBuildFile section */

/* Begin PBXFileReference section */
		DF40F7E628C9A66500241B8F /* GlobalSearchView.swift */ = {isa = PBXFileReference; lastKnownFileType = sourcecode.swift; path = GlobalSearchView.swift; sourceTree = "<group>"; };
		DF40F7E828C9C3D600241B8F /* ViewModifiers.swift */ = {isa = PBXFileReference; lastKnownFileType = sourcecode.swift; path = ViewModifiers.swift; sourceTree = "<group>"; };
		DF40F7EB28C9CA4400241B8F /* Groups.swift */ = {isa = PBXFileReference; lastKnownFileType = sourcecode.swift; path = Groups.swift; sourceTree = "<group>"; };
		DF9622C028CC3BE000E1869D /* GlobalSearchBarView.swift */ = {isa = PBXFileReference; lastKnownFileType = sourcecode.swift; path = GlobalSearchBarView.swift; sourceTree = "<group>"; };
		DF9622C228CC3D2500E1869D /* GlobalSearchListView.swift */ = {isa = PBXFileReference; lastKnownFileType = sourcecode.swift; path = GlobalSearchListView.swift; sourceTree = "<group>"; };
		DFBE6D88289B9C1A00D69360 /* Coffee Helper.app */ = {isa = PBXFileReference; explicitFileType = wrapper.application; includeInIndex = 0; path = "Coffee Helper.app"; sourceTree = BUILT_PRODUCTS_DIR; };
		DFBE6D8B289B9C1A00D69360 /* Coffee_HelperApp.swift */ = {isa = PBXFileReference; lastKnownFileType = sourcecode.swift; path = Coffee_HelperApp.swift; sourceTree = "<group>"; };
		DFBE6D8D289B9C1A00D69360 /* ContentView.swift */ = {isa = PBXFileReference; lastKnownFileType = sourcecode.swift; path = ContentView.swift; sourceTree = "<group>"; };
		DFBE6D8F289B9C1B00D69360 /* Assets.xcassets */ = {isa = PBXFileReference; lastKnownFileType = folder.assetcatalog; path = Assets.xcassets; sourceTree = "<group>"; };
		DFBE6D92289B9C1B00D69360 /* Preview Assets.xcassets */ = {isa = PBXFileReference; lastKnownFileType = folder.assetcatalog; path = "Preview Assets.xcassets"; sourceTree = "<group>"; };
		DFBE6DC2289C92AF00D69360 /* Category.swift */ = {isa = PBXFileReference; lastKnownFileType = sourcecode.swift; path = Category.swift; sourceTree = "<group>"; };
		DFBE6DC4289C92FD00D69360 /* Drink.swift */ = {isa = PBXFileReference; lastKnownFileType = sourcecode.swift; path = Drink.swift; sourceTree = "<group>"; };
		DFBE6DC6289C933700D69360 /* Ingredient.swift */ = {isa = PBXFileReference; lastKnownFileType = sourcecode.swift; path = Ingredient.swift; sourceTree = "<group>"; };
		DFBE6DCA289CCEDB00D69360 /* CoffeeShopModel.swift */ = {isa = PBXFileReference; lastKnownFileType = sourcecode.swift; path = CoffeeShopModel.swift; sourceTree = "<group>"; };
		DFBE6DEE289DB48B00D69360 /* DrinkView.swift */ = {isa = PBXFileReference; lastKnownFileType = sourcecode.swift; path = DrinkView.swift; sourceTree = "<group>"; };
		DFE23EC228C8257A00DF413B /* GroupSelectionIndicatorView.swift */ = {isa = PBXFileReference; lastKnownFileType = sourcecode.swift; path = GroupSelectionIndicatorView.swift; sourceTree = "<group>"; };
		DFE23EC428C8273100DF413B /* GroupNavigationView.swift */ = {isa = PBXFileReference; lastKnownFileType = sourcecode.swift; path = GroupNavigationView.swift; sourceTree = "<group>"; };
		DFE23EC728C82D5400DF413B /* GlobalNavigationView.swift */ = {isa = PBXFileReference; lastKnownFileType = sourcecode.swift; path = GlobalNavigationView.swift; sourceTree = "<group>"; };
		DFE23ECC28C8317A00DF413B /* CategoryNavigationView.swift */ = {isa = PBXFileReference; lastKnownFileType = sourcecode.swift; path = CategoryNavigationView.swift; sourceTree = "<group>"; };
		DFE23ECE28C8318700DF413B /* CategoryListView.swift */ = {isa = PBXFileReference; lastKnownFileType = sourcecode.swift; path = CategoryListView.swift; sourceTree = "<group>"; };
		DFE23ED028C8F41700DF413B /* DrinkIngredientListView.swift */ = {isa = PBXFileReference; lastKnownFileType = sourcecode.swift; path = DrinkIngredientListView.swift; sourceTree = "<group>"; };
		DFE23ED228C8F59800DF413B /* DrinkPickerView.swift */ = {isa = PBXFileReference; lastKnownFileType = sourcecode.swift; path = DrinkPickerView.swift; sourceTree = "<group>"; };
		DFE23ED428C9598B00DF413B /* smoothie_dummy_data.json */ = {isa = PBXFileReference; lastKnownFileType = text.json; path = smoothie_dummy_data.json; sourceTree = "<group>"; };
		DFEDF0CE28A5C0A800A9BD6B /* CategoryView.swift */ = {isa = PBXFileReference; lastKnownFileType = sourcecode.swift; path = CategoryView.swift; sourceTree = "<group>"; };
		DFEDF0D028A6C30F00A9BD6B /* GroupView.swift */ = {isa = PBXFileReference; lastKnownFileType = sourcecode.swift; path = GroupView.swift; sourceTree = "<group>"; };
		DFEDF0DE28ACA9C300A9BD6B /* Group.swift */ = {isa = PBXFileReference; lastKnownFileType = sourcecode.swift; path = Group.swift; sourceTree = "<group>"; };
		DFEDF0E028ACA9E600A9BD6B /* coffee_dummy_data.json */ = {isa = PBXFileReference; lastKnownFileType = text.json; path = coffee_dummy_data.json; sourceTree = "<group>"; };
		DFEDF0E228ACAACD00A9BD6B /* tea_dummy_data.json */ = {isa = PBXFileReference; lastKnownFileType = text.json; path = tea_dummy_data.json; sourceTree = "<group>"; };
/* End PBXFileReference section */

/* Begin PBXFrameworksBuildPhase section */
		DFBE6D85289B9C1A00D69360 /* Frameworks */ = {
			isa = PBXFrameworksBuildPhase;
			buildActionMask = 2147483647;
			files = (
			);
			runOnlyForDeploymentPostprocessing = 0;
		};
/* End PBXFrameworksBuildPhase section */

/* Begin PBXGroup section */
		DF40F7E528C9A63200241B8F /* GlobalView */ = {
			isa = PBXGroup;
			children = (
				DFE23EC728C82D5400DF413B /* GlobalNavigationView.swift */,
				DF40F7E628C9A66500241B8F /* GlobalSearchView.swift */,
				DF9622C028CC3BE000E1869D /* GlobalSearchBarView.swift */,
				DF9622C228CC3D2500E1869D /* GlobalSearchListView.swift */,
			);
			path = GlobalView;
			sourceTree = "<group>";
		};
		DF40F7EA28C9CA0A00241B8F /* Objects */ = {
			isa = PBXGroup;
			children = (
				DFEDF0DE28ACA9C300A9BD6B /* Group.swift */,
				DFBE6DC2289C92AF00D69360 /* Category.swift */,
				DFBE6DC4289C92FD00D69360 /* Drink.swift */,
				DFBE6DC6289C933700D69360 /* Ingredient.swift */,
				DF40F7EB28C9CA4400241B8F /* Groups.swift */,
			);
			path = Objects;
			sourceTree = "<group>";
		};
		DFBE6D7F289B9C1A00D69360 = {
			isa = PBXGroup;
			children = (
				DFBE6D8A289B9C1A00D69360 /* Coffee Helper */,
				DFBE6D89289B9C1A00D69360 /* Products */,
			);
			sourceTree = "<group>";
		};
		DFBE6D89289B9C1A00D69360 /* Products */ = {
			isa = PBXGroup;
			children = (
				DFBE6D88289B9C1A00D69360 /* Coffee Helper.app */,
			);
			name = Products;
			sourceTree = "<group>";
		};
		DFBE6D8A289B9C1A00D69360 /* Coffee Helper */ = {
			isa = PBXGroup;
			children = (
				DFBE6DD6289CF9FF00D69360 /* Local */,
				DFBE6D8B289B9C1A00D69360 /* Coffee_HelperApp.swift */,
				DFE23EC128C8253000DF413B /* Views */,
				DFE23EC928C8309C00DF413B /* Models */,
				DF40F7EA28C9CA0A00241B8F /* Objects */,
				DFBE6D8F289B9C1B00D69360 /* Assets.xcassets */,
				DFBE6D91289B9C1B00D69360 /* Preview Content */,
			);
			path = "Coffee Helper";
			sourceTree = "<group>";
		};
		DFBE6D91289B9C1B00D69360 /* Preview Content */ = {
			isa = PBXGroup;
			children = (
				DFBE6D92289B9C1B00D69360 /* Preview Assets.xcassets */,
			);
			path = "Preview Content";
			sourceTree = "<group>";
		};
		DFBE6DD6289CF9FF00D69360 /* Local */ = {
			isa = PBXGroup;
			children = (
				DFEDF0E028ACA9E600A9BD6B /* coffee_dummy_data.json */,
				DFEDF0E228ACAACD00A9BD6B /* tea_dummy_data.json */,
				DFE23ED428C9598B00DF413B /* smoothie_dummy_data.json */,
			);
			path = Local;
			sourceTree = "<group>";
		};
		DFE23EC028C8251400DF413B /* GroupView */ = {
			isa = PBXGroup;
			children = (
				DFEDF0D028A6C30F00A9BD6B /* GroupView.swift */,
				DFE23EC428C8273100DF413B /* GroupNavigationView.swift */,
				DFE23EC228C8257A00DF413B /* GroupSelectionIndicatorView.swift */,
			);
			path = GroupView;
			sourceTree = "<group>";
		};
		DFE23EC128C8253000DF413B /* Views */ = {
			isa = PBXGroup;
			children = (
				DF40F7E828C9C3D600241B8F /* ViewModifiers.swift */,
				DFBE6D8D289B9C1A00D69360 /* ContentView.swift */,
				DF40F7E528C9A63200241B8F /* GlobalView */,
				DFE23EC028C8251400DF413B /* GroupView */,
				DFE23EC628C82C5400DF413B /* CategoryView */,
				DFE23ECA28C830E500DF413B /* DrinkView */,
			);
			path = Views;
			sourceTree = "<group>";
		};
		DFE23EC628C82C5400DF413B /* CategoryView */ = {
			isa = PBXGroup;
			children = (
				DFEDF0CE28A5C0A800A9BD6B /* CategoryView.swift */,
				DFE23ECC28C8317A00DF413B /* CategoryNavigationView.swift */,
				DFE23ECE28C8318700DF413B /* CategoryListView.swift */,
			);
			path = CategoryView;
			sourceTree = "<group>";
		};
		DFE23EC928C8309C00DF413B /* Models */ = {
			isa = PBXGroup;
			children = (
				DFBE6DCA289CCEDB00D69360 /* CoffeeShopModel.swift */,
			);
			path = Models;
			sourceTree = "<group>";
		};
		DFE23ECA28C830E500DF413B /* DrinkView */ = {
			isa = PBXGroup;
			children = (
				DFBE6DEE289DB48B00D69360 /* DrinkView.swift */,
				DFE23ED228C8F59800DF413B /* DrinkPickerView.swift */,
				DFE23ED028C8F41700DF413B /* DrinkIngredientListView.swift */,
			);
			path = DrinkView;
			sourceTree = "<group>";
		};
/* End PBXGroup section */

/* Begin PBXNativeTarget section */
		DFBE6D87289B9C1A00D69360 /* Coffee Helper */ = {
			isa = PBXNativeTarget;
			buildConfigurationList = DFBE6D96289B9C1B00D69360 /* Build configuration list for PBXNativeTarget "Coffee Helper" */;
			buildPhases = (
				DFBE6D84289B9C1A00D69360 /* Sources */,
				DFBE6D85289B9C1A00D69360 /* Frameworks */,
				DFBE6D86289B9C1A00D69360 /* Resources */,
			);
			buildRules = (
			);
			dependencies = (
			);
			name = "Coffee Helper";
			productName = "SPRO Coffee Helper";
			productReference = DFBE6D88289B9C1A00D69360 /* Coffee Helper.app */;
			productType = "com.apple.product-type.application";
		};
/* End PBXNativeTarget section */

/* Begin PBXProject section */
		DFBE6D80289B9C1A00D69360 /* Project object */ = {
			isa = PBXProject;
			attributes = {
				BuildIndependentTargetsInParallel = 1;
				LastSwiftUpdateCheck = 1340;
				LastUpgradeCheck = 1340;
				TargetAttributes = {
					DFBE6D87289B9C1A00D69360 = {
						CreatedOnToolsVersion = 13.4.1;
					};
				};
			};
			buildConfigurationList = DFBE6D83289B9C1A00D69360 /* Build configuration list for PBXProject "Coffee Helper" */;
			compatibilityVersion = "Xcode 13.0";
			developmentRegion = en;
			hasScannedForEncodings = 0;
			knownRegions = (
				en,
				Base,
			);
			mainGroup = DFBE6D7F289B9C1A00D69360;
			productRefGroup = DFBE6D89289B9C1A00D69360 /* Products */;
			projectDirPath = "";
			projectRoot = "";
			targets = (
				DFBE6D87289B9C1A00D69360 /* Coffee Helper */,
			);
		};
/* End PBXProject section */

/* Begin PBXResourcesBuildPhase section */
		DFBE6D86289B9C1A00D69360 /* Resources */ = {
			isa = PBXResourcesBuildPhase;
			buildActionMask = 2147483647;
			files = (
				DFEDF0E328ACAACD00A9BD6B /* tea_dummy_data.json in Resources */,
				DFE23ED528C9598B00DF413B /* smoothie_dummy_data.json in Resources */,
				DFEDF0E128ACA9E600A9BD6B /* coffee_dummy_data.json in Resources */,
				DFBE6D93289B9C1B00D69360 /* Preview Assets.xcassets in Resources */,
				DFBE6D90289B9C1B00D69360 /* Assets.xcassets in Resources */,
			);
			runOnlyForDeploymentPostprocessing = 0;
		};
/* End PBXResourcesBuildPhase section */

/* Begin PBXSourcesBuildPhase section */
		DFBE6D84289B9C1A00D69360 /* Sources */ = {
			isa = PBXSourcesBuildPhase;
			buildActionMask = 2147483647;
			files = (
				DFE23ED128C8F41700DF413B /* DrinkIngredientListView.swift in Sources */,
				DFBE6D8E289B9C1A00D69360 /* ContentView.swift in Sources */,
				DFBE6D8C289B9C1A00D69360 /* Coffee_HelperApp.swift in Sources */,
				DF40F7EC28C9CA4400241B8F /* Groups.swift in Sources */,
				DF40F7E928C9C3D600241B8F /* ViewModifiers.swift in Sources */,
				DFEDF0D128A6C30F00A9BD6B /* GroupView.swift in Sources */,
				DFEDF0DF28ACA9C300A9BD6B /* Group.swift in Sources */,
				DFE23EC528C8273100DF413B /* GroupNavigationView.swift in Sources */,
				DFBE6DC7289C933700D69360 /* Ingredient.swift in Sources */,
				DFE23ECD28C8317A00DF413B /* CategoryNavigationView.swift in Sources */,
				DFBE6DC5289C92FD00D69360 /* Drink.swift in Sources */,
				DFE23EC328C8257A00DF413B /* GroupSelectionIndicatorView.swift in Sources */,
				DFE23ECF28C8318700DF413B /* CategoryListView.swift in Sources */,
				DFBE6DCB289CCEDB00D69360 /* CoffeeShopModel.swift in Sources */,
				DFE23ED328C8F59800DF413B /* DrinkPickerView.swift in Sources */,
				DF9622C328CC3D2500E1869D /* GlobalSearchListView.swift in Sources */,
				DF40F7E728C9A66500241B8F /* GlobalSearchView.swift in Sources */,
				DFBE6DEF289DB48B00D69360 /* DrinkView.swift in Sources */,
				DFE23EC828C82D5400DF413B /* GlobalNavigationView.swift in Sources */,
				DFEDF0CF28A5C0A800A9BD6B /* CategoryView.swift in Sources */,
				DFBE6DC3289C92AF00D69360 /* Category.swift in Sources */,
				DF9622C128CC3BE000E1869D /* GlobalSearchBarView.swift in Sources */,
			);
			runOnlyForDeploymentPostprocessing = 0;
		};
/* End PBXSourcesBuildPhase section */

/* Begin XCBuildConfiguration section */
		DFBE6D94289B9C1B00D69360 /* Debug */ = {
			isa = XCBuildConfiguration;
			buildSettings = {
				ALWAYS_SEARCH_USER_PATHS = NO;
				CLANG_ANALYZER_NONNULL = YES;
				CLANG_ANALYZER_NUMBER_OBJECT_CONVERSION = YES_AGGRESSIVE;
				CLANG_CXX_LANGUAGE_STANDARD = "gnu++17";
				CLANG_ENABLE_MODULES = YES;
				CLANG_ENABLE_OBJC_ARC = YES;
				CLANG_ENABLE_OBJC_WEAK = YES;
				CLANG_WARN_BLOCK_CAPTURE_AUTORELEASING = YES;
				CLANG_WARN_BOOL_CONVERSION = YES;
				CLANG_WARN_COMMA = YES;
				CLANG_WARN_CONSTANT_CONVERSION = YES;
				CLANG_WARN_DEPRECATED_OBJC_IMPLEMENTATIONS = YES;
				CLANG_WARN_DIRECT_OBJC_ISA_USAGE = YES_ERROR;
				CLANG_WARN_DOCUMENTATION_COMMENTS = YES;
				CLANG_WARN_EMPTY_BODY = YES;
				CLANG_WARN_ENUM_CONVERSION = YES;
				CLANG_WARN_INFINITE_RECURSION = YES;
				CLANG_WARN_INT_CONVERSION = YES;
				CLANG_WARN_NON_LITERAL_NULL_CONVERSION = YES;
				CLANG_WARN_OBJC_IMPLICIT_RETAIN_SELF = YES;
				CLANG_WARN_OBJC_LITERAL_CONVERSION = YES;
				CLANG_WARN_OBJC_ROOT_CLASS = YES_ERROR;
				CLANG_WARN_QUOTED_INCLUDE_IN_FRAMEWORK_HEADER = YES;
				CLANG_WARN_RANGE_LOOP_ANALYSIS = YES;
				CLANG_WARN_STRICT_PROTOTYPES = YES;
				CLANG_WARN_SUSPICIOUS_MOVE = YES;
				CLANG_WARN_UNGUARDED_AVAILABILITY = YES_AGGRESSIVE;
				CLANG_WARN_UNREACHABLE_CODE = YES;
				CLANG_WARN__DUPLICATE_METHOD_MATCH = YES;
				COPY_PHASE_STRIP = NO;
				DEBUG_INFORMATION_FORMAT = dwarf;
				ENABLE_STRICT_OBJC_MSGSEND = YES;
				ENABLE_TESTABILITY = YES;
				GCC_C_LANGUAGE_STANDARD = gnu11;
				GCC_DYNAMIC_NO_PIC = NO;
				GCC_NO_COMMON_BLOCKS = YES;
				GCC_OPTIMIZATION_LEVEL = 0;
				GCC_PREPROCESSOR_DEFINITIONS = (
					"DEBUG=1",
					"$(inherited)",
				);
				GCC_WARN_64_TO_32_BIT_CONVERSION = YES;
				GCC_WARN_ABOUT_RETURN_TYPE = YES_ERROR;
				GCC_WARN_UNDECLARED_SELECTOR = YES;
				GCC_WARN_UNINITIALIZED_AUTOS = YES_AGGRESSIVE;
				GCC_WARN_UNUSED_FUNCTION = YES;
				GCC_WARN_UNUSED_VARIABLE = YES;
				IPHONEOS_DEPLOYMENT_TARGET = 15.5;
				MTL_ENABLE_DEBUG_INFO = INCLUDE_SOURCE;
				MTL_FAST_MATH = YES;
				ONLY_ACTIVE_ARCH = YES;
				SDKROOT = iphoneos;
				SWIFT_ACTIVE_COMPILATION_CONDITIONS = DEBUG;
				SWIFT_OPTIMIZATION_LEVEL = "-Onone";
			};
			name = Debug;
		};
		DFBE6D95289B9C1B00D69360 /* Release */ = {
			isa = XCBuildConfiguration;
			buildSettings = {
				ALWAYS_SEARCH_USER_PATHS = NO;
				CLANG_ANALYZER_NONNULL = YES;
				CLANG_ANALYZER_NUMBER_OBJECT_CONVERSION = YES_AGGRESSIVE;
				CLANG_CXX_LANGUAGE_STANDARD = "gnu++17";
				CLANG_ENABLE_MODULES = YES;
				CLANG_ENABLE_OBJC_ARC = YES;
				CLANG_ENABLE_OBJC_WEAK = YES;
				CLANG_WARN_BLOCK_CAPTURE_AUTORELEASING = YES;
				CLANG_WARN_BOOL_CONVERSION = YES;
				CLANG_WARN_COMMA = YES;
				CLANG_WARN_CONSTANT_CONVERSION = YES;
				CLANG_WARN_DEPRECATED_OBJC_IMPLEMENTATIONS = YES;
				CLANG_WARN_DIRECT_OBJC_ISA_USAGE = YES_ERROR;
				CLANG_WARN_DOCUMENTATION_COMMENTS = YES;
				CLANG_WARN_EMPTY_BODY = YES;
				CLANG_WARN_ENUM_CONVERSION = YES;
				CLANG_WARN_INFINITE_RECURSION = YES;
				CLANG_WARN_INT_CONVERSION = YES;
				CLANG_WARN_NON_LITERAL_NULL_CONVERSION = YES;
				CLANG_WARN_OBJC_IMPLICIT_RETAIN_SELF = YES;
				CLANG_WARN_OBJC_LITERAL_CONVERSION = YES;
				CLANG_WARN_OBJC_ROOT_CLASS = YES_ERROR;
				CLANG_WARN_QUOTED_INCLUDE_IN_FRAMEWORK_HEADER = YES;
				CLANG_WARN_RANGE_LOOP_ANALYSIS = YES;
				CLANG_WARN_STRICT_PROTOTYPES = YES;
				CLANG_WARN_SUSPICIOUS_MOVE = YES;
				CLANG_WARN_UNGUARDED_AVAILABILITY = YES_AGGRESSIVE;
				CLANG_WARN_UNREACHABLE_CODE = YES;
				CLANG_WARN__DUPLICATE_METHOD_MATCH = YES;
				COPY_PHASE_STRIP = NO;
				DEBUG_INFORMATION_FORMAT = "dwarf-with-dsym";
				ENABLE_NS_ASSERTIONS = NO;
				ENABLE_STRICT_OBJC_MSGSEND = YES;
				GCC_C_LANGUAGE_STANDARD = gnu11;
				GCC_NO_COMMON_BLOCKS = YES;
				GCC_WARN_64_TO_32_BIT_CONVERSION = YES;
				GCC_WARN_ABOUT_RETURN_TYPE = YES_ERROR;
				GCC_WARN_UNDECLARED_SELECTOR = YES;
				GCC_WARN_UNINITIALIZED_AUTOS = YES_AGGRESSIVE;
				GCC_WARN_UNUSED_FUNCTION = YES;
				GCC_WARN_UNUSED_VARIABLE = YES;
				IPHONEOS_DEPLOYMENT_TARGET = 15.5;
				MTL_ENABLE_DEBUG_INFO = NO;
				MTL_FAST_MATH = YES;
				SDKROOT = iphoneos;
				SWIFT_COMPILATION_MODE = wholemodule;
				SWIFT_OPTIMIZATION_LEVEL = "-O";
				VALIDATE_PRODUCT = YES;
			};
			name = Release;
		};
		DFBE6D97289B9C1B00D69360 /* Debug */ = {
			isa = XCBuildConfiguration;
			buildSettings = {
				ASSETCATALOG_COMPILER_APPICON_NAME = AppIcon;
				ASSETCATALOG_COMPILER_GLOBAL_ACCENT_COLOR_NAME = AccentColor;
				CODE_SIGN_STYLE = Automatic;
				CURRENT_PROJECT_VERSION = 1;
				DEVELOPMENT_ASSET_PATHS = "\"Coffee Helper/Preview Content\"";
				DEVELOPMENT_TEAM = H5ZWS699H8;
				ENABLE_PREVIEWS = YES;
				GENERATE_INFOPLIST_FILE = YES;
				INFOPLIST_KEY_UIApplicationSceneManifest_Generation = YES;
				INFOPLIST_KEY_UIApplicationSupportsIndirectInputEvents = YES;
				INFOPLIST_KEY_UILaunchScreen_Generation = YES;
				INFOPLIST_KEY_UIStatusBarStyle = "";
				INFOPLIST_KEY_UISupportedInterfaceOrientations = UIInterfaceOrientationPortrait;
				LD_RUNPATH_SEARCH_PATHS = (
					"$(inherited)",
					"@executable_path/Frameworks",
				);
				MARKETING_VERSION = 1.0;
				PRODUCT_BUNDLE_IDENTIFIER = "Jonathan-Chen.Coffee-Helper";
				PRODUCT_NAME = "$(TARGET_NAME)";
				SWIFT_EMIT_LOC_STRINGS = YES;
				SWIFT_VERSION = 5.0;
				TARGETED_DEVICE_FAMILY = "1,2";
			};
			name = Debug;
		};
		DFBE6D98289B9C1B00D69360 /* Release */ = {
			isa = XCBuildConfiguration;
			buildSettings = {
				ASSETCATALOG_COMPILER_APPICON_NAME = AppIcon;
				ASSETCATALOG_COMPILER_GLOBAL_ACCENT_COLOR_NAME = AccentColor;
				CODE_SIGN_STYLE = Automatic;
				CURRENT_PROJECT_VERSION = 1;
				DEVELOPMENT_ASSET_PATHS = "\"Coffee Helper/Preview Content\"";
				DEVELOPMENT_TEAM = H5ZWS699H8;
				ENABLE_PREVIEWS = YES;
				GENERATE_INFOPLIST_FILE = YES;
				INFOPLIST_KEY_UIApplicationSceneManifest_Generation = YES;
				INFOPLIST_KEY_UIApplicationSupportsIndirectInputEvents = YES;
				INFOPLIST_KEY_UILaunchScreen_Generation = YES;
				INFOPLIST_KEY_UIStatusBarStyle = "";
				INFOPLIST_KEY_UISupportedInterfaceOrientations = UIInterfaceOrientationPortrait;
				LD_RUNPATH_SEARCH_PATHS = (
					"$(inherited)",
					"@executable_path/Frameworks",
				);
				MARKETING_VERSION = 1.0;
				PRODUCT_BUNDLE_IDENTIFIER = "Jonathan-Chen.Coffee-Helper";
				PRODUCT_NAME = "$(TARGET_NAME)";
				SWIFT_EMIT_LOC_STRINGS = YES;
				SWIFT_VERSION = 5.0;
				TARGETED_DEVICE_FAMILY = "1,2";
			};
			name = Release;
		};
/* End XCBuildConfiguration section */

/* Begin XCConfigurationList section */
		DFBE6D83289B9C1A00D69360 /* Build configuration list for PBXProject "Coffee Helper" */ = {
			isa = XCConfigurationList;
			buildConfigurations = (
				DFBE6D94289B9C1B00D69360 /* Debug */,
				DFBE6D95289B9C1B00D69360 /* Release */,
			);
			defaultConfigurationIsVisible = 0;
			defaultConfigurationName = Release;
		};
		DFBE6D96289B9C1B00D69360 /* Build configuration list for PBXNativeTarget "Coffee Helper" */ = {
			isa = XCConfigurationList;
			buildConfigurations = (
				DFBE6D97289B9C1B00D69360 /* Debug */,
				DFBE6D98289B9C1B00D69360 /* Release */,
			);
			defaultConfigurationIsVisible = 0;
			defaultConfigurationName = Release;
		};
/* End XCConfigurationList section */
	};
	rootObject = DFBE6D80289B9C1A00D69360 /* Project object */;
}
